
Microsoft Visual Studio Solution File, Format Version 12.00
# Visual Studio 14
VisualStudioVersion = 14.0.25420.1
MinimumVisualStudioVersion = 10.0.40219.1
Project("{FAE04EC0-301F-11D3-BF4B-00C04F79EFBC}") = "MG_WeChat", "MG_WeChat\MG_WeChat.csproj", "{1A99E785-49CA-4C63-AF44-A4A93D7244DA}"
EndProject
Project("{FAE04EC0-301F-11D3-BF4B-00C04F79EFBC}") = "MG_BLL", "MG_BLL\MG_BLL.csproj", "{E69693CC-50BB-4249-A4DC-EB71BFA903B0}"
EndProject
Project("{FAE04EC0-301F-11D3-BF4B-00C04F79EFBC}") = "MG_DAL", "MG_DAL\MG_DAL.csproj", "{3C1FBD88-8A30-40A1-A4A4-D409ED99462B}"
EndProject
Project("{FAE04EC0-301F-11D3-BF4B-00C04F79EFBC}") = "MG_GPS", "MG_GPS\MG_GPS.csproj", "{3F7DA8DD-F3AD-457D-8426-A2361C6FA79F}"
EndProject
Project("{FAE04EC0-301F-11D3-BF4B-00C04F79EFBC}") = "MgooGps", "MgooGps\MgooGps.csproj", "{F662CA64-290B-42EE-B221-4ECC632512C2}"
EndProject
Project("{FAE04EC0-301F-11D3-BF4B-00C04F79EFBC}") = "ExpiredPush", "ExpiredPush\ExpiredPush.csproj", "{1F87704A-7BAB-4002-8BC4-815E9E670159}"
EndProject
Project("{FAE04EC0-301F-11D3-BF4B-00C04F79EFBC}") = "Test", "Test\Test.csproj", "{354BDE02-5935-4F02-8B49-9B685AE90D2B}"
EndProject
Project("{FAE04EC0-301F-11D3-BF4B-00C04F79EFBC}") = "Mgoo.Position", "Mgoo.Position\Mgoo.Position.csproj", "{7CF1266A-0674-4F74-ADBD-8A5BE4657D00}"
EndProject
Global
	GlobalSection(SolutionConfigurationPlatforms) = preSolution
		Debug|Any CPU = Debug|Any CPU
		Release|Any CPU = Release|Any CPU
	EndGlobalSection
	GlobalSection(ProjectConfigurationPlatforms) = postSolution
		{1A99E785-49CA-4C63-AF44-A4A93D7244DA}.Debug|Any CPU.ActiveCfg = Debug|Any CPU
		{1A99E785-49CA-4C63-AF44-A4A93D7244DA}.Debug|Any CPU.Build.0 = Debug|Any CPU
		{1A99E785-49CA-4C63-AF44-A4A93D7244DA}.Release|Any CPU.ActiveCfg = Release|Any CPU
		{1A99E785-49CA-4C63-AF44-A4A93D7244DA}.Release|Any CPU.Build.0 = Release|Any CPU
		{E69693CC-50BB-4249-A4DC-EB71BFA903B0}.Debug|Any CPU.ActiveCfg = Debug|Any CPU
		{E69693CC-50BB-4249-A4DC-EB71BFA903B0}.Debug|Any CPU.Build.0 = Debug|Any CPU
		{E69693CC-50BB-4249-A4DC-EB71BFA903B0}.Release|Any CPU.ActiveCfg = Release|Any CPU
		{E69693CC-50BB-4249-A4DC-EB71BFA903B0}.Release|Any CPU.Build.0 = Release|Any CPU
		{3C1FBD88-8A30-40A1-A4A4-D409ED99462B}.Debug|Any CPU.ActiveCfg = Debug|Any CPU
		{3C1FBD88-8A30-40A1-A4A4-D409ED99462B}.Debug|Any CPU.Build.0 = Debug|Any CPU
		{3C1FBD88-8A30-40A1-A4A4-D409ED99462B}.Release|Any CPU.ActiveCfg = Release|Any CPU
		{3C1FBD88-8A30-40A1-A4A4-D409ED99462B}.Release|Any CPU.Build.0 = Release|Any CPU
		{3F7DA8DD-F3AD-457D-8426-A2361C6FA79F}.Debug|Any CPU.ActiveCfg = Debug|Any CPU
		{3F7DA8DD-F3AD-457D-8426-A2361C6FA79F}.Debug|Any CPU.Build.0 = Debug|Any CPU
		{3F7DA8DD-F3AD-457D-8426-A2361C6FA79F}.Release|Any CPU.ActiveCfg = Release|Any CPU
		{3F7DA8DD-F3AD-457D-8426-A2361C6FA79F}.Release|Any CPU.Build.0 = Release|Any CPU
		{F662CA64-290B-42EE-B221-4ECC632512C2}.Debug|Any CPU.ActiveCfg = Debug|Any CPU
		{F662CA64-290B-42EE-B221-4ECC632512C2}.Debug|Any CPU.Build.0 = Debug|Any CPU
		{F662CA64-290B-42EE-B221-4ECC632512C2}.Release|Any CPU.ActiveCfg = Release|Any CPU
		{F662CA64-290B-42EE-B221-4ECC632512C2}.Release|Any CPU.Build.0 = Release|Any CPU
		{1F87704A-7BAB-4002-8BC4-815E9E670159}.Debug|Any CPU.ActiveCfg = Debug|Any CPU
		{1F87704A-7BAB-4002-8BC4-815E9E670159}.Debug|Any CPU.Build.0 = Debug|Any CPU
		{1F87704A-7BAB-4002-8BC4-815E9E670159}.Release|Any CPU.ActiveCfg = Release|Any CPU
		{1F87704A-7BAB-4002-8BC4-815E9E670159}.Release|Any CPU.Build.0 = Release|Any CPU
		{354BDE02-5935-4F02-8B49-9B685AE90D2B}.Debug|Any CPU.ActiveCfg = Debug|Any CPU
		{354BDE02-5935-4F02-8B49-9B685AE90D2B}.Debug|Any CPU.Build.0 = Debug|Any CPU
		{354BDE02-5935-4F02-8B49-9B685AE90D2B}.Release|Any CPU.ActiveCfg = Release|Any CPU
		{354BDE02-5935-4F02-8B49-9B685AE90D2B}.Release|Any CPU.Build.0 = Release|Any CPU
		{7CF1266A-0674-4F74-ADBD-8A5BE4657D00}.Debug|Any CPU.ActiveCfg = Debug|Any CPU
		{7CF1266A-0674-4F74-ADBD-8A5BE4657D00}.Debug|Any CPU.Build.0 = Debug|Any CPU
		{7CF1266A-0674-4F74-ADBD-8A5BE4657D00}.Release|Any CPU.ActiveCfg = Release|Any CPU
		{7CF1266A-0674-4F74-ADBD-8A5BE4657D00}.Release|Any CPU.Build.0 = Release|Any CPU
	EndGlobalSection
	GlobalSection(SolutionProperties) = preSolution
		HideSolutionNode = FALSE
	EndGlobalSection
EndGlobal
